
Microsoft Visual Studio Solution File, Format Version 12.00
# Visual Studio Version 17
VisualStudioVersion = 17.10.35013.160
MinimumVisualStudioVersion = 10.0.40219.1
Project("{FAE04EC0-301F-11D3-BF4B-00C04F79EFBC}") = "ReboundTextEditorPlus", "ReboundTextEditorPlus\ReboundTextEditorPlus.csproj", "{873F1D15-DA56-4D83-86C5-19D688534564}"
EndProject
Project("{2150E333-8FDC-42A3-9474-1A3956D46DE8}") = "Solution Items", "Solution Items", "{FCE43BFF-2C0C-4FDA-BA71-F9E08644487B}"
	ProjectSection(SolutionItems) = preProject
		.editorconfig = .editorconfig
	EndProjectSection
EndProject
Global
	GlobalSection(SolutionConfigurationPlatforms) = preSolution
		Debug|ARM64 = Debug|ARM64
		Debug|x64 = Debug|x64
		Debug|x86 = Debug|x86
		Release|ARM64 = Release|ARM64
		Release|x64 = Release|x64
		Release|x86 = Release|x86
	EndGlobalSection
	GlobalSection(ProjectConfigurationPlatforms) = postSolution
		{873F1D15-DA56-4D83-86C5-19D688534564}.Debug|ARM64.ActiveCfg = Debug|ARM64
		{873F1D15-DA56-4D83-86C5-19D688534564}.Debug|ARM64.Build.0 = Debug|ARM64
		{873F1D15-DA56-4D83-86C5-19D688534564}.Debug|ARM64.Deploy.0 = Debug|ARM64
		{873F1D15-DA56-4D83-86C5-19D688534564}.Debug|x64.ActiveCfg = Debug|x64
		{873F1D15-DA56-4D83-86C5-19D688534564}.Debug|x64.Build.0 = Debug|x64
		{873F1D15-DA56-4D83-86C5-19D688534564}.Debug|x64.Deploy.0 = Debug|x64
		{873F1D15-DA56-4D83-86C5-19D688534564}.Debug|x86.ActiveCfg = Debug|x86
		{873F1D15-DA56-4D83-86C5-19D688534564}.Debug|x86.Build.0 = Debug|x86
		{873F1D15-DA56-4D83-86C5-19D688534564}.Debug|x86.Deploy.0 = Debug|x86
		{873F1D15-DA56-4D83-86C5-19D688534564}.Release|ARM64.ActiveCfg = Release|ARM64
		{873F1D15-DA56-4D83-86C5-19D688534564}.Release|ARM64.Build.0 = Release|ARM64
		{873F1D15-DA56-4D83-86C5-19D688534564}.Release|ARM64.Deploy.0 = Release|ARM64
		{873F1D15-DA56-4D83-86C5-19D688534564}.Release|x64.ActiveCfg = Release|x64
		{873F1D15-DA56-4D83-86C5-19D688534564}.Release|x64.Build.0 = Release|x64
		{873F1D15-DA56-4D83-86C5-19D688534564}.Release|x64.Deploy.0 = Release|x64
		{873F1D15-DA56-4D83-86C5-19D688534564}.Release|x86.ActiveCfg = Release|x86
		{873F1D15-DA56-4D83-86C5-19D688534564}.Release|x86.Build.0 = Release|x86
		{873F1D15-DA56-4D83-86C5-19D688534564}.Release|x86.Deploy.0 = Release|x86
	EndGlobalSection
	GlobalSection(SolutionProperties) = preSolution
		HideSolutionNode = FALSE
	EndGlobalSection
	GlobalSection(ExtensibilityGlobals) = postSolution
		SolutionGuid = {A24C105D-736E-4B74-8FCD-46F21261B73B}
	EndGlobalSection
EndGlobal
